// !$*UTF8*$!
{
	archiveVersion = 1;
	classes = {
	};
	objectVersion = 46;
	objects = {

/* Begin PBXBuildFile section */
		2186BA811C044BEE001DECE7 /* EassaysViewController.m in Sources */ = {isa = PBXBuildFile; fileRef = 2186BA801C044BEE001DECE7 /* EassaysViewController.m */; };
		2186BA841C044C56001DECE7 /* NewsViewController.m in Sources */ = {isa = PBXBuildFile; fileRef = 2186BA831C044C56001DECE7 /* NewsViewController.m */; };
		2186BA871C044C6F001DECE7 /* JokesViewController.m in Sources */ = {isa = PBXBuildFile; fileRef = 2186BA861C044C6F001DECE7 /* JokesViewController.m */; };
		2194B4371BE5E54E004DE746 /* BaseTableViewController.m in Sources */ = {isa = PBXBuildFile; fileRef = 2194B4361BE5E54E004DE746 /* BaseTableViewController.m */; };
		21DC5BA51BCABA0A008FFD82 /* MBProgressHUD.m in Sources */ = {isa = PBXBuildFile; fileRef = 21DC5BA41BCABA0A008FFD82 /* MBProgressHUD.m */; };
		C21E1EC11B26CC16008002A9 /* DetailViewController.m in Sources */ = {isa = PBXBuildFile; fileRef = C21E1EC01B26CC16008002A9 /* DetailViewController.m */; };
		C21E1ECA1B272436008002A9 /* MyView.m in Sources */ = {isa = PBXBuildFile; fileRef = C21E1EC91B272436008002A9 /* MyView.m */; };
		C22708321B287AAF00BB5AD8 /* LeftViewController.m in Sources */ = {isa = PBXBuildFile; fileRef = C22708311B287AAF00BB5AD8 /* LeftViewController.m */; };
		C22708351B287C4600BB5AD8 /* LeftView.m in Sources */ = {isa = PBXBuildFile; fileRef = C22708341B287C4600BB5AD8 /* LeftView.m */; };
		C23CD41F1B2A6AE20023C7AC /* 13.png in Resources */ = {isa = PBXBuildFile; fileRef = C23CD41E1B2A6AE20023C7AC /* 13.png */; };
		C27B398A1B256E1E007255E1 /* ListModel.m in Sources */ = {isa = PBXBuildFile; fileRef = C27B39891B256E1E007255E1 /* ListModel.m */; };
		C27B398C1B25B386007255E1 /* placehold.jpg in Resources */ = {isa = PBXBuildFile; fileRef = C27B398B1B25B385007255E1 /* placehold.jpg */; };
		C281D8FC1B412B6F0084B9E4 /* share.png in Resources */ = {isa = PBXBuildFile; fileRef = C281D8FB1B412B6F0084B9E4 /* share.png */; };
		C283E7CD1B2EAF1B0090BE9B /* ListDetailViewController.m in Sources */ = {isa = PBXBuildFile; fileRef = C283E7CC1B2EAF1B0090BE9B /* ListDetailViewController.m */; };
		C28C8EEA1B25CDA500C1F7CD /* libPods-AFNetworking.a in Frameworks */ = {isa = PBXBuildFile; fileRef = C28C8EE91B25CDA500C1F7CD /* libPods-AFNetworking.a */; };
		C28C8EEC1B25CDCA00C1F7CD /* libPods-MJRefresh.a in Frameworks */ = {isa = PBXBuildFile; fileRef = C28C8EEB1B25CDCA00C1F7CD /* libPods-MJRefresh.a */; };
		C28C8EEE1B25CDCF00C1F7CD /* libPods.a in Frameworks */ = {isa = PBXBuildFile; fileRef = C28C8EED1B25CDCF00C1F7CD /* libPods.a */; };
		C28C8EF01B25CDD400C1F7CD /* libPods-SDWebImage.a in Frameworks */ = {isa = PBXBuildFile; fileRef = C28C8EEF1B25CDD400C1F7CD /* libPods-SDWebImage.a */; };
		C28C8EFA1B25CE6900C1F7CD /* LoginViewController.m in Sources */ = {isa = PBXBuildFile; fileRef = C28C8EF31B25CE6900C1F7CD /* LoginViewController.m */; };
		C28C8EFB1B25CE6900C1F7CD /* LoginView.m in Sources */ = {isa = PBXBuildFile; fileRef = C28C8EF51B25CE6900C1F7CD /* LoginView.m */; };
		C28C8EFC1B25CE6900C1F7CD /* LTView.m in Sources */ = {isa = PBXBuildFile; fileRef = C28C8EF71B25CE6900C1F7CD /* LTView.m */; };
		C28C8F031B25CE9B00C1F7CD /* RegisterViewController.m in Sources */ = {isa = PBXBuildFile; fileRef = C28C8F001B25CE9B00C1F7CD /* RegisterViewController.m */; };
		C28C8F041B25CE9B00C1F7CD /* RegisterView.m in Sources */ = {isa = PBXBuildFile; fileRef = C28C8F021B25CE9B00C1F7CD /* RegisterView.m */; };
		C28C8F081B25CEEB00C1F7CD /* DataBaseHandle.m in Sources */ = {isa = PBXBuildFile; fileRef = C28C8F071B25CEEB00C1F7CD /* DataBaseHandle.m */; };
		C28C8F0A1B25CF1700C1F7CD /* AVOSCloud.framework in Frameworks */ = {isa = PBXBuildFile; fileRef = C28C8F091B25CF1700C1F7CD /* AVOSCloud.framework */; };
		C28C8F0C1B25CF8700C1F7CD /* CoreLocation.framework in Frameworks */ = {isa = PBXBuildFile; fileRef = C28C8F0B1B25CF8700C1F7CD /* CoreLocation.framework */; };
		C28C8F0E1B25CF9200C1F7CD /* libicucore.dylib in Frameworks */ = {isa = PBXBuildFile; fileRef = C28C8F0D1B25CF9200C1F7CD /* libicucore.dylib */; };
		C28C8F101B25CF9E00C1F7CD /* MobileCoreServices.framework in Frameworks */ = {isa = PBXBuildFile; fileRef = C28C8F0F1B25CF9E00C1F7CD /* MobileCoreServices.framework */; };
		C28C8F121B25CFA800C1F7CD /* SystemConfiguration.framework in Frameworks */ = {isa = PBXBuildFile; fileRef = C28C8F111B25CFA800C1F7CD /* SystemConfiguration.framework */; };
		C28C8F141B25CFB100C1F7CD /* CoreTelephony.framework in Frameworks */ = {isa = PBXBuildFile; fileRef = C28C8F131B25CFB100C1F7CD /* CoreTelephony.framework */; };
		C28C8F161B25CFBB00C1F7CD /* libsqlite3.dylib in Frameworks */ = {isa = PBXBuildFile; fileRef = C28C8F151B25CFBB00C1F7CD /* libsqlite3.dylib */; };
		C28C8F771B25D41100C1F7CD /* WaterFlowLayout.m in Sources */ = {isa = PBXBuildFile; fileRef = C28C8F741B25D41100C1F7CD /* WaterFlowLayout.m */; };
		C28C8F781B25D41100C1F7CD /* imageCell.m in Sources */ = {isa = PBXBuildFile; fileRef = C28C8F761B25D41100C1F7CD /* imageCell.m */; };
		C28C8F871B25D54900C1F7CD /* ViewController.m in Sources */ = {isa = PBXBuildFile; fileRef = C28C8F861B25D54900C1F7CD /* ViewController.m */; };
		C29773921B30694D00B8E652 /* List_ScrollView.m in Sources */ = {isa = PBXBuildFile; fileRef = C29773911B30694D00B8E652 /* List_ScrollView.m */; };
		C2A189351B26BCC10001A257 /* ListCell.m in Sources */ = {isa = PBXBuildFile; fileRef = C2A1892E1B26BCC10001A257 /* ListCell.m */; };
		C2A189361B26BCC10001A257 /* List_0_Cell.m in Sources */ = {isa = PBXBuildFile; fileRef = C2A189301B26BCC10001A257 /* List_0_Cell.m */; };
		C2A189371B26BCC10001A257 /* List_3_Cell.m in Sources */ = {isa = PBXBuildFile; fileRef = C2A189321B26BCC10001A257 /* List_3_Cell.m */; };
		C2A189381B26BCC10001A257 /* ListViewController.m in Sources */ = {isa = PBXBuildFile; fileRef = C2A189341B26BCC10001A257 /* ListViewController.m */; };
		C2B4E5471B297FB800F5E327 /* EassaysTableViewController.m in Sources */ = {isa = PBXBuildFile; fileRef = C2B4E5461B297FB800F5E327 /* EassaysTableViewController.m */; };
		C2B9BF4E1B285DE600B7AEA4 /* UIImage+ImageEffects.m in Sources */ = {isa = PBXBuildFile; fileRef = C2B9BF4B1B285DE600B7AEA4 /* UIImage+ImageEffects.m */; };
		C2B9BF4F1B285DE600B7AEA4 /* UIImageView+LBBlurredImage.m in Sources */ = {isa = PBXBuildFile; fileRef = C2B9BF4D1B285DE600B7AEA4 /* UIImageView+LBBlurredImage.m */; };
		C2B9BF511B28615D00B7AEA4 /* CoreGraphics.framework in Frameworks */ = {isa = PBXBuildFile; fileRef = C2B9BF501B28615D00B7AEA4 /* CoreGraphics.framework */; };
		C2BA35A61B34054000684E79 /* 15.png in Resources */ = {isa = PBXBuildFile; fileRef = C2BA35A51B34054000684E79 /* 15.png */; };
		C2BA35A91B34065600684E79 /* AboutUsViewController.m in Sources */ = {isa = PBXBuildFile; fileRef = C2BA35A81B34065600684E79 /* AboutUsViewController.m */; };
		C2BA9C531B3508B600A6D097 /* CopyConnection.framework in Frameworks */ = {isa = PBXBuildFile; fileRef = C2BA9C341B3508B600A6D097 /* CopyConnection.framework */; };
		C2BA9C541B3508B600A6D097 /* MailConnection.framework in Frameworks */ = {isa = PBXBuildFile; fileRef = C2BA9C351B3508B600A6D097 /* MailConnection.framework */; };
		C2BA9C551B3508B600A6D097 /* QQConnection.framework in Frameworks */ = {isa = PBXBuildFile; fileRef = C2BA9C361B3508B600A6D097 /* QQConnection.framework */; };
		C2BA9C561B3508B600A6D097 /* QZoneConnection.framework in Frameworks */ = {isa = PBXBuildFile; fileRef = C2BA9C371B3508B600A6D097 /* QZoneConnection.framework */; };
		C2BA9C571B3508B600A6D097 /* SinaWeiboConnection.framework in Frameworks */ = {isa = PBXBuildFile; fileRef = C2BA9C381B3508B600A6D097 /* SinaWeiboConnection.framework */; };
		C2BA9C581B3508B600A6D097 /* SMSConnection.framework in Frameworks */ = {isa = PBXBuildFile; fileRef = C2BA9C391B3508B600A6D097 /* SMSConnection.framework */; };
		C2BA9C591B3508B600A6D097 /* WeChatConnection.framework in Frameworks */ = {isa = PBXBuildFile; fileRef = C2BA9C3A1B3508B600A6D097 /* WeChatConnection.framework */; };
		C2BA9C5A1B3508B600A6D097 /* AGCommon.framework in Frameworks */ = {isa = PBXBuildFile; fileRef = C2BA9C3C1B3508B600A6D097 /* AGCommon.framework */; };
		C2BA9C5B1B3508B600A6D097 /* ShareSDKLocalizable.strings in Resources */ = {isa = PBXBuildFile; fileRef = C2BA9C3D1B3508B600A6D097 /* ShareSDKLocalizable.strings */; };
		C2BA9C5C1B3508B600A6D097 /* Resource.bundle in Resources */ = {isa = PBXBuildFile; fileRef = C2BA9C3F1B3508B600A6D097 /* Resource.bundle */; };
		C2BA9C5D1B3508B600A6D097 /* ShareSDKCoreService.framework in Frameworks */ = {isa = PBXBuildFile; fileRef = C2BA9C401B3508B600A6D097 /* ShareSDKCoreService.framework */; };
		C2BA9C5E1B3508B600A6D097 /* TencentOpenAPI.framework in Frameworks */ = {isa = PBXBuildFile; fileRef = C2BA9C441B3508B600A6D097 /* TencentOpenAPI.framework */; };
		C2BA9C5F1B3508B600A6D097 /* TencentOpenApi_IOS_Bundle.bundle in Resources */ = {isa = PBXBuildFile; fileRef = C2BA9C451B3508B600A6D097 /* TencentOpenApi_IOS_Bundle.bundle */; };
		C2BA9C601B3508B600A6D097 /* libWeiboSDK.a in Frameworks */ = {isa = PBXBuildFile; fileRef = C2BA9C471B3508B600A6D097 /* libWeiboSDK.a */; };
		C2BA9C611B3508B600A6D097 /* WeiboSDK.bundle in Resources */ = {isa = PBXBuildFile; fileRef = C2BA9C481B3508B600A6D097 /* WeiboSDK.bundle */; };
		C2BA9C621B3508B600A6D097 /* libWeChatSDK.a in Frameworks */ = {isa = PBXBuildFile; fileRef = C2BA9C4B1B3508B600A6D097 /* libWeChatSDK.a */; };
		C2BA9C631B3508B600A6D097 /* ShareSDK.framework in Frameworks */ = {isa = PBXBuildFile; fileRef = C2BA9C4E1B3508B600A6D097 /* ShareSDK.framework */; };
		C2BA9C641B3508B600A6D097 /* ShareSDKFlatShareViewUI.bundle in Resources */ = {isa = PBXBuildFile; fileRef = C2BA9C501B3508B600A6D097 /* ShareSDKFlatShareViewUI.bundle */; };
		C2BA9C651B3508B600A6D097 /* ShareSDKFlatShareViewUI.framework in Frameworks */ = {isa = PBXBuildFile; fileRef = C2BA9C511B3508B600A6D097 /* ShareSDKFlatShareViewUI.framework */; };
		C2BA9C661B3508B600A6D097 /* ShareSDKShareActionSheet.framework in Frameworks */ = {isa = PBXBuildFile; fileRef = C2BA9C521B3508B600A6D097 /* ShareSDKShareActionSheet.framework */; };
		C2BA9C681B35093600A6D097 /* QuartzCore.framework in Frameworks */ = {isa = PBXBuildFile; fileRef = C2BA9C671B35093600A6D097 /* QuartzCore.framework */; };
		C2BA9C6A1B35096000A6D097 /* libz.1.2.5.dylib in Frameworks */ = {isa = PBXBuildFile; fileRef = C2BA9C691B35096000A6D097 /* libz.1.2.5.dylib */; };
		C2BA9C6C1B35096700A6D097 /* Security.framework in Frameworks */ = {isa = PBXBuildFile; fileRef = C2BA9C6B1B35096700A6D097 /* Security.framework */; };
		C2BA9C6E1B35097A00A6D097 /* ImageIO.framework in Frameworks */ = {isa = PBXBuildFile; fileRef = C2BA9C6D1B35097A00A6D097 /* ImageIO.framework */; };
		C2BA9C701B35098700A6D097 /* Social.framework in Frameworks */ = {isa = PBXBuildFile; fileRef = C2BA9C6F1B35098700A6D097 /* Social.framework */; };
		C2BA9C721B35098F00A6D097 /* Accounts.framework in Frameworks */ = {isa = PBXBuildFile; fileRef = C2BA9C711B35098F00A6D097 /* Accounts.framework */; };
		C2BA9C741B35099900A6D097 /* MessageUI.framework in Frameworks */ = {isa = PBXBuildFile; fileRef = C2BA9C731B35099900A6D097 /* MessageUI.framework */; };
		C2BA9C761B3509B100A6D097 /* libstdc++.dylib in Frameworks */ = {isa = PBXBuildFile; fileRef = C2BA9C751B3509B100A6D097 /* libstdc++.dylib */; };
		C2C496131B2972780071E78A /* NewsTableViewController.m in Sources */ = {isa = PBXBuildFile; fileRef = C2C496121B2972780071E78A /* NewsTableViewController.m */; };
		C2C496161B29742B0071E78A /* JokesTableViewController.m in Sources */ = {isa = PBXBuildFile; fileRef = C2C496151B29742B0071E78A /* JokesTableViewController.m */; };
		C2C496241B297C320071E78A /* MGSpotyViewController.m in Sources */ = {isa = PBXBuildFile; fileRef = C2C4961B1B297C320071E78A /* MGSpotyViewController.m */; };
		C2C496251B297C320071E78A /* MGSpotyView.m in Sources */ = {isa = PBXBuildFile; fileRef = C2C4961D1B297C320071E78A /* MGSpotyView.m */; };
		C2C496261B297C320071E78A /* MGViewController.m in Sources */ = {isa = PBXBuildFile; fileRef = C2C4961F1B297C320071E78A /* MGViewController.m */; };
		C2E070A71B3198300036D84E /* edit.png in Resources */ = {isa = PBXBuildFile; fileRef = C2E070A61B3198300036D84E /* edit.png */; };
		C2E070AD1B31A5E00036D84E /* 14.png in Resources */ = {isa = PBXBuildFile; fileRef = C2E070AC1B31A5DF0036D84E /* 14.png */; };
		C2E681A51B2C0DFD000B2E20 /* setting.png in Resources */ = {isa = PBXBuildFile; fileRef = C2E681A41B2C0DFD000B2E20 /* setting.png */; };
		C2E681A71B2C0E0B000B2E20 /* list.png in Resources */ = {isa = PBXBuildFile; fileRef = C2E681A61B2C0E0B000B2E20 /* list.png */; };
		C2F92BCF1B2280FB0093CAF2 /* main.m in Sources */ = {isa = PBXBuildFile; fileRef = C2F92BCE1B2280FB0093CAF2 /* main.m */; };
		C2F92BD21B2280FB0093CAF2 /* AppDelegate.m in Sources */ = {isa = PBXBuildFile; fileRef = C2F92BD11B2280FB0093CAF2 /* AppDelegate.m */; };
		C2F92BD81B2280FB0093CAF2 /* Main.storyboard in Resources */ = {isa = PBXBuildFile; fileRef = C2F92BD61B2280FB0093CAF2 /* Main.storyboard */; };
		C2F92BDA1B2280FB0093CAF2 /* Images.xcassets in Resources */ = {isa = PBXBuildFile; fileRef = C2F92BD91B2280FB0093CAF2 /* Images.xcassets */; };
		C2F92BE91B2280FB0093CAF2 /* fun365Tests.m in Sources */ = {isa = PBXBuildFile; fileRef = C2F92BE81B2280FB0093CAF2 /* fun365Tests.m */; };
/* End PBXBuildFile section */

/* Begin PBXContainerItemProxy section */
		C2F92BE31B2280FB0093CAF2 /* PBXContainerItemProxy */ = {
			isa = PBXContainerItemProxy;
			containerPortal = C2F92BC11B2280FB0093CAF2 /* Project object */;
			proxyType = 1;
			remoteGlobalIDString = C2F92BC81B2280FB0093CAF2;
			remoteInfo = fun365;
		};
/* End PBXContainerItemProxy section */

/* Begin PBXFileReference section */
		2186BA7F1C044BEE001DECE7 /* EassaysViewController.h */ = {isa = PBXFileReference; fileEncoding = 4; lastKnownFileType = sourcecode.c.h; path = EassaysViewController.h; sourceTree = "<group>"; };
		2186BA801C044BEE001DECE7 /* EassaysViewController.m */ = {isa = PBXFileReference; fileEncoding = 4; lastKnownFileType = sourcecode.c.objc; path = EassaysViewController.m; sourceTree = "<group>"; };
		2186BA821C044C56001DECE7 /* NewsViewController.h */ = {isa = PBXFileReference; fileEncoding = 4; lastKnownFileType = sourcecode.c.h; path = NewsViewController.h; sourceTree = "<group>"; };
		2186BA831C044C56001DECE7 /* NewsViewController.m */ = {isa = PBXFileReference; fileEncoding = 4; lastKnownFileType = sourcecode.c.objc; path = NewsViewController.m; sourceTree = "<group>"; };
		2186BA851C044C6F001DECE7 /* JokesViewController.h */ = {isa = PBXFileReference; fileEncoding = 4; lastKnownFileType = sourcecode.c.h; path = JokesViewController.h; sourceTree = "<group>"; };
		2186BA861C044C6F001DECE7 /* JokesViewController.m */ = {isa = PBXFileReference; fileEncoding = 4; lastKnownFileType = sourcecode.c.objc; path = JokesViewController.m; sourceTree = "<group>"; };
		2194B4351BE5E54E004DE746 /* BaseTableViewController.h */ = {isa = PBXFileReference; fileEncoding = 4; lastKnownFileType = sourcecode.c.h; path = BaseTableViewController.h; sourceTree = "<group>"; };
		2194B4361BE5E54E004DE746 /* BaseTableViewController.m */ = {isa = PBXFileReference; fileEncoding = 4; lastKnownFileType = sourcecode.c.objc; path = BaseTableViewController.m; sourceTree = "<group>"; };
		21DC5BA31BCABA0A008FFD82 /* MBProgressHUD.h */ = {isa = PBXFileReference; fileEncoding = 4; lastKnownFileType = sourcecode.c.h; path = MBProgressHUD.h; sourceTree = "<group>"; };
		21DC5BA41BCABA0A008FFD82 /* MBProgressHUD.m */ = {isa = PBXFileReference; fileEncoding = 4; lastKnownFileType = sourcecode.c.objc; path = MBProgressHUD.m; sourceTree = "<group>"; };
		21DC5BA61BCABA4D008FFD82 /* PrefixHeader.pch */ = {isa = PBXFileReference; fileEncoding = 4; lastKnownFileType = sourcecode.c.h; path = PrefixHeader.pch; sourceTree = "<group>"; };
		555186A46D184B229D03AFB0 /* Pods.release.xcconfig */ = {isa = PBXFileReference; includeInIndex = 1; lastKnownFileType = text.xcconfig; name = Pods.release.xcconfig; path = "Pods/Target Support Files/Pods/Pods.release.xcconfig"; sourceTree = "<group>"; };
		56556159E53DEC80B8ED49B2 /* Pods.debug.xcconfig */ = {isa = PBXFileReference; includeInIndex = 1; lastKnownFileType = text.xcconfig; name = Pods.debug.xcconfig; path = "Pods/Target Support Files/Pods/Pods.debug.xcconfig"; sourceTree = "<group>"; };
		C21E1EBF1B26CC16008002A9 /* DetailViewController.h */ = {isa = PBXFileReference; fileEncoding = 4; lastKnownFileType = sourcecode.c.h; path = DetailViewController.h; sourceTree = "<group>"; };
		C21E1EC01B26CC16008002A9 /* DetailViewController.m */ = {isa = PBXFileReference; fileEncoding = 4; lastKnownFileType = sourcecode.c.objc; path = DetailViewController.m; sourceTree = "<group>"; };
		C21E1EC81B272436008002A9 /* MyView.h */ = {isa = PBXFileReference; fileEncoding = 4; lastKnownFileType = sourcecode.c.h; path = MyView.h; sourceTree = "<group>"; };
		C21E1EC91B272436008002A9 /* MyView.m */ = {isa = PBXFileReference; fileEncoding = 4; lastKnownFileType = sourcecode.c.objc; path = MyView.m; sourceTree = "<group>"; };
		C22708301B287AAF00BB5AD8 /* LeftViewController.h */ = {isa = PBXFileReference; fileEncoding = 4; lastKnownFileType = sourcecode.c.h; path = LeftViewController.h; sourceTree = "<group>"; };
		C22708311B287AAF00BB5AD8 /* LeftViewController.m */ = {isa = PBXFileReference; fileEncoding = 4; lastKnownFileType = sourcecode.c.objc; path = LeftViewController.m; sourceTree = "<group>"; };
		C22708331B287C4600BB5AD8 /* LeftView.h */ = {isa = PBXFileReference; fileEncoding = 4; lastKnownFileType = sourcecode.c.h; path = LeftView.h; sourceTree = "<group>"; };
		C22708341B287C4600BB5AD8 /* LeftView.m */ = {isa = PBXFileReference; fileEncoding = 4; lastKnownFileType = sourcecode.c.objc; path = LeftView.m; sourceTree = "<group>"; };
		C23CD41E1B2A6AE20023C7AC /* 13.png */ = {isa = PBXFileReference; lastKnownFileType = image.png; path = 13.png; sourceTree = "<group>"; };
		C27B39881B256E1E007255E1 /* ListModel.h */ = {isa = PBXFileReference; fileEncoding = 4; lastKnownFileType = sourcecode.c.h; path = ListModel.h; sourceTree = "<group>"; };
		C27B39891B256E1E007255E1 /* ListModel.m */ = {isa = PBXFileReference; fileEncoding = 4; lastKnownFileType = sourcecode.c.objc; path = ListModel.m; sourceTree = "<group>"; };
		C27B398B1B25B385007255E1 /* placehold.jpg */ = {isa = PBXFileReference; lastKnownFileType = image.jpeg; path = placehold.jpg; sourceTree = "<group>"; };
		C281D8FB1B412B6F0084B9E4 /* share.png */ = {isa = PBXFileReference; lastKnownFileType = image.png; path = share.png; sourceTree = "<group>"; };
		C283E7CB1B2EAF1B0090BE9B /* ListDetailViewController.h */ = {isa = PBXFileReference; fileEncoding = 4; lastKnownFileType = sourcecode.c.h; path = ListDetailViewController.h; sourceTree = "<group>"; };
		C283E7CC1B2EAF1B0090BE9B /* ListDetailViewController.m */ = {isa = PBXFileReference; fileEncoding = 4; lastKnownFileType = sourcecode.c.objc; path = ListDetailViewController.m; sourceTree = "<group>"; };
		C28C8EE91B25CDA500C1F7CD /* libPods-AFNetworking.a */ = {isa = PBXFileReference; lastKnownFileType = archive.ar; name = "libPods-AFNetworking.a"; path = "Pods/../build/Debug-iphoneos/libPods-AFNetworking.a"; sourceTree = "<group>"; };
		C28C8EEB1B25CDCA00C1F7CD /* libPods-MJRefresh.a */ = {isa = PBXFileReference; lastKnownFileType = archive.ar; name = "libPods-MJRefresh.a"; path = "Pods/../build/Debug-iphoneos/libPods-MJRefresh.a"; sourceTree = "<group>"; };
		C28C8EED1B25CDCF00C1F7CD /* libPods.a */ = {isa = PBXFileReference; lastKnownFileType = archive.ar; name = libPods.a; path = "Pods/../build/Debug-iphoneos/libPods.a"; sourceTree = "<group>"; };
		C28C8EEF1B25CDD400C1F7CD /* libPods-SDWebImage.a */ = {isa = PBXFileReference; lastKnownFileType = archive.ar; name = "libPods-SDWebImage.a"; path = "Pods/../build/Debug-iphoneos/libPods-SDWebImage.a"; sourceTree = "<group>"; };
		C28C8EF21B25CE6900C1F7CD /* LoginViewController.h */ = {isa = PBXFileReference; fileEncoding = 4; lastKnownFileType = sourcecode.c.h; path = LoginViewController.h; sourceTree = "<group>"; };
		C28C8EF31B25CE6900C1F7CD /* LoginViewController.m */ = {isa = PBXFileReference; fileEncoding = 4; lastKnownFileType = sourcecode.c.objc; path = LoginViewController.m; sourceTree = "<group>"; };
		C28C8EF41B25CE6900C1F7CD /* LoginView.h */ = {isa = PBXFileReference; fileEncoding = 4; lastKnownFileType = sourcecode.c.h; path = LoginView.h; sourceTree = "<group>"; };
		C28C8EF51B25CE6900C1F7CD /* LoginView.m */ = {isa = PBXFileReference; fileEncoding = 4; lastKnownFileType = sourcecode.c.objc; path = LoginView.m; sourceTree = "<group>"; };
		C28C8EF61B25CE6900C1F7CD /* LTView.h */ = {isa = PBXFileReference; fileEncoding = 4; lastKnownFileType = sourcecode.c.h; path = LTView.h; sourceTree = "<group>"; };
		C28C8EF71B25CE6900C1F7CD /* LTView.m */ = {isa = PBXFileReference; fileEncoding = 4; lastKnownFileType = sourcecode.c.objc; path = LTView.m; sourceTree = "<group>"; };
		C28C8EFF1B25CE9B00C1F7CD /* RegisterViewController.h */ = {isa = PBXFileReference; fileEncoding = 4; lastKnownFileType = sourcecode.c.h; path = RegisterViewController.h; sourceTree = "<group>"; };
		C28C8F001B25CE9B00C1F7CD /* RegisterViewController.m */ = {isa = PBXFileReference; fileEncoding = 4; lastKnownFileType = sourcecode.c.objc; path = RegisterViewController.m; sourceTree = "<group>"; };
		C28C8F011B25CE9B00C1F7CD /* RegisterView.h */ = {isa = PBXFileReference; fileEncoding = 4; lastKnownFileType = sourcecode.c.h; path = RegisterView.h; sourceTree = "<group>"; };
		C28C8F021B25CE9B00C1F7CD /* RegisterView.m */ = {isa = PBXFileReference; fileEncoding = 4; lastKnownFileType = sourcecode.c.objc; path = RegisterView.m; sourceTree = "<group>"; };
		C28C8F061B25CEEB00C1F7CD /* DataBaseHandle.h */ = {isa = PBXFileReference; fileEncoding = 4; lastKnownFileType = sourcecode.c.h; path = DataBaseHandle.h; sourceTree = "<group>"; };
		C28C8F071B25CEEB00C1F7CD /* DataBaseHandle.m */ = {isa = PBXFileReference; fileEncoding = 4; lastKnownFileType = sourcecode.c.objc; path = DataBaseHandle.m; sourceTree = "<group>"; };
		C28C8F091B25CF1700C1F7CD /* AVOSCloud.framework */ = {isa = PBXFileReference; lastKnownFileType = wrapper.framework; path = AVOSCloud.framework; sourceTree = "<group>"; };
		C28C8F0B1B25CF8700C1F7CD /* CoreLocation.framework */ = {isa = PBXFileReference; lastKnownFileType = wrapper.framework; name = CoreLocation.framework; path = System/Library/Frameworks/CoreLocation.framework; sourceTree = SDKROOT; };
		C28C8F0D1B25CF9200C1F7CD /* libicucore.dylib */ = {isa = PBXFileReference; lastKnownFileType = "compiled.mach-o.dylib"; name = libicucore.dylib; path = usr/lib/libicucore.dylib; sourceTree = SDKROOT; };
		C28C8F0F1B25CF9E00C1F7CD /* MobileCoreServices.framework */ = {isa = PBXFileReference; lastKnownFileType = wrapper.framework; name = MobileCoreServices.framework; path = System/Library/Frameworks/MobileCoreServices.framework; sourceTree = SDKROOT; };
		C28C8F111B25CFA800C1F7CD /* SystemConfiguration.framework */ = {isa = PBXFileReference; lastKnownFileType = wrapper.framework; name = SystemConfiguration.framework; path = System/Library/Frameworks/SystemConfiguration.framework; sourceTree = SDKROOT; };
		C28C8F131B25CFB100C1F7CD /* CoreTelephony.framework */ = {isa = PBXFileReference; lastKnownFileType = wrapper.framework; name = CoreTelephony.framework; path = System/Library/Frameworks/CoreTelephony.framework; sourceTree = SDKROOT; };
		C28C8F151B25CFBB00C1F7CD /* libsqlite3.dylib */ = {isa = PBXFileReference; lastKnownFileType = "compiled.mach-o.dylib"; name = libsqlite3.dylib; path = usr/lib/libsqlite3.dylib; sourceTree = SDKROOT; };
		C28C8F731B25D41100C1F7CD /* WaterFlowLayout.h */ = {isa = PBXFileReference; fileEncoding = 4; lastKnownFileType = sourcecode.c.h; path = WaterFlowLayout.h; sourceTree = "<group>"; };
		C28C8F741B25D41100C1F7CD /* WaterFlowLayout.m */ = {isa = PBXFileReference; fileEncoding = 4; lastKnownFileType = sourcecode.c.objc; path = WaterFlowLayout.m; sourceTree = "<group>"; };
		C28C8F751B25D41100C1F7CD /* imageCell.h */ = {isa = PBXFileReference; fileEncoding = 4; lastKnownFileType = sourcecode.c.h; path = imageCell.h; sourceTree = "<group>"; };
		C28C8F761B25D41100C1F7CD /* imageCell.m */ = {isa = PBXFileReference; fileEncoding = 4; lastKnownFileType = sourcecode.c.objc; path = imageCell.m; sourceTree = "<group>"; };
		C28C8F851B25D54900C1F7CD /* ViewController.h */ = {isa = PBXFileReference; fileEncoding = 4; lastKnownFileType = sourcecode.c.h; path = ViewController.h; sourceTree = "<group>"; };
		C28C8F861B25D54900C1F7CD /* ViewController.m */ = {isa = PBXFileReference; fileEncoding = 4; lastKnownFileType = sourcecode.c.objc; path = ViewController.m; sourceTree = "<group>"; };
		C29773901B30694D00B8E652 /* List_ScrollView.h */ = {isa = PBXFileReference; fileEncoding = 4; lastKnownFileType = sourcecode.c.h; path = List_ScrollView.h; sourceTree = "<group>"; };
		C29773911B30694D00B8E652 /* List_ScrollView.m */ = {isa = PBXFileReference; fileEncoding = 4; lastKnownFileType = sourcecode.c.objc; path = List_ScrollView.m; sourceTree = "<group>"; };
		C2A1892D1B26BCC10001A257 /* ListCell.h */ = {isa = PBXFileReference; fileEncoding = 4; lastKnownFileType = sourcecode.c.h; path = ListCell.h; sourceTree = "<group>"; };
		C2A1892E1B26BCC10001A257 /* ListCell.m */ = {isa = PBXFileReference; fileEncoding = 4; lastKnownFileType = sourcecode.c.objc; path = ListCell.m; sourceTree = "<group>"; };
		C2A1892F1B26BCC10001A257 /* List_0_Cell.h */ = {isa = PBXFileReference; fileEncoding = 4; lastKnownFileType = sourcecode.c.h; path = List_0_Cell.h; sourceTree = "<group>"; };
		C2A189301B26BCC10001A257 /* List_0_Cell.m */ = {isa = PBXFileReference; fileEncoding = 4; lastKnownFileType = sourcecode.c.objc; path = List_0_Cell.m; sourceTree = "<group>"; };
		C2A189311B26BCC10001A257 /* List_3_Cell.h */ = {isa = PBXFileReference; fileEncoding = 4; lastKnownFileType = sourcecode.c.h; path = List_3_Cell.h; sourceTree = "<group>"; };
		C2A189321B26BCC10001A257 /* List_3_Cell.m */ = {isa = PBXFileReference; fileEncoding = 4; lastKnownFileType = sourcecode.c.objc; path = List_3_Cell.m; sourceTree = "<group>"; };
		C2A189331B26BCC10001A257 /* ListViewController.h */ = {isa = PBXFileReference; fileEncoding = 4; lastKnownFileType = sourcecode.c.h; path = ListViewController.h; sourceTree = "<group>"; };
		C2A189341B26BCC10001A257 /* ListViewController.m */ = {isa = PBXFileReference; fileEncoding = 4; lastKnownFileType = sourcecode.c.objc; path = ListViewController.m; sourceTree = "<group>"; };
		C2B4E5451B297FB800F5E327 /* EassaysTableViewController.h */ = {isa = PBXFileReference; fileEncoding = 4; lastKnownFileType = sourcecode.c.h; path = EassaysTableViewController.h; sourceTree = "<group>"; };
		C2B4E5461B297FB800F5E327 /* EassaysTableViewController.m */ = {isa = PBXFileReference; fileEncoding = 4; lastKnownFileType = sourcecode.c.objc; path = EassaysTableViewController.m; sourceTree = "<group>"; };
		C2B9BF4A1B285DE600B7AEA4 /* UIImage+ImageEffects.h */ = {isa = PBXFileReference; fileEncoding = 4; lastKnownFileType = sourcecode.c.h; path = "UIImage+ImageEffects.h"; sourceTree = "<group>"; };
		C2B9BF4B1B285DE600B7AEA4 /* UIImage+ImageEffects.m */ = {isa = PBXFileReference; fileEncoding = 4; lastKnownFileType = sourcecode.c.objc; path = "UIImage+ImageEffects.m"; sourceTree = "<group>"; };
		C2B9BF4C1B285DE600B7AEA4 /* UIImageView+LBBlurredImage.h */ = {isa = PBXFileReference; fileEncoding = 4; lastKnownFileType = sourcecode.c.h; path = "UIImageView+LBBlurredImage.h"; sourceTree = "<group>"; };
		C2B9BF4D1B285DE600B7AEA4 /* UIImageView+LBBlurredImage.m */ = {isa = PBXFileReference; fileEncoding = 4; lastKnownFileType = sourcecode.c.objc; path = "UIImageView+LBBlurredImage.m"; sourceTree = "<group>"; };
		C2B9BF501B28615D00B7AEA4 /* CoreGraphics.framework */ = {isa = PBXFileReference; lastKnownFileType = wrapper.framework; name = CoreGraphics.framework; path = System/Library/Frameworks/CoreGraphics.framework; sourceTree = SDKROOT; };
		C2BA35A51B34054000684E79 /* 15.png */ = {isa = PBXFileReference; lastKnownFileType = image.png; path = 15.png; sourceTree = "<group>"; };
		C2BA35A71B34065600684E79 /* AboutUsViewController.h */ = {isa = PBXFileReference; fileEncoding = 4; lastKnownFileType = sourcecode.c.h; path = AboutUsViewController.h; sourceTree = "<group>"; };
		C2BA35A81B34065600684E79 /* AboutUsViewController.m */ = {isa = PBXFileReference; fileEncoding = 4; lastKnownFileType = sourcecode.c.objc; path = AboutUsViewController.m; sourceTree = "<group>"; };
		C2BA9C341B3508B600A6D097 /* CopyConnection.framework */ = {isa = PBXFileReference; lastKnownFileType = wrapper.framework; path = CopyConnection.framework; sourceTree = "<group>"; };
		C2BA9C351B3508B600A6D097 /* MailConnection.framework */ = {isa = PBXFileReference; lastKnownFileType = wrapper.framework; path = MailConnection.framework; sourceTree = "<group>"; };
		C2BA9C361B3508B600A6D097 /* QQConnection.framework */ = {isa = PBXFileReference; lastKnownFileType = wrapper.framework; path = QQConnection.framework; sourceTree = "<group>"; };
		C2BA9C371B3508B600A6D097 /* QZoneConnection.framework */ = {isa = PBXFileReference; lastKnownFileType = wrapper.framework; path = QZoneConnection.framework; sourceTree = "<group>"; };
		C2BA9C381B3508B600A6D097 /* SinaWeiboConnection.framework */ = {isa = PBXFileReference; lastKnownFileType = wrapper.framework; path = SinaWeiboConnection.framework; sourceTree = "<group>"; };
		C2BA9C391B3508B600A6D097 /* SMSConnection.framework */ = {isa = PBXFileReference; lastKnownFileType = wrapper.framework; path = SMSConnection.framework; sourceTree = "<group>"; };
		C2BA9C3A1B3508B600A6D097 /* WeChatConnection.framework */ = {isa = PBXFileReference; lastKnownFileType = wrapper.framework; path = WeChatConnection.framework; sourceTree = "<group>"; };
		C2BA9C3C1B3508B600A6D097 /* AGCommon.framework */ = {isa = PBXFileReference; lastKnownFileType = wrapper.framework; path = AGCommon.framework; sourceTree = "<group>"; };
		C2BA9C3E1B3508B600A6D097 /* en */ = {isa = PBXFileReference; lastKnownFileType = text.plist.strings; name = en; path = en.lproj/ShareSDKLocalizable.strings; sourceTree = "<group>"; };
		C2BA9C3F1B3508B600A6D097 /* Resource.bundle */ = {isa = PBXFileReference; lastKnownFileType = "wrapper.plug-in"; path = Resource.bundle; sourceTree = "<group>"; };
		C2BA9C401B3508B600A6D097 /* ShareSDKCoreService.framework */ = {isa = PBXFileReference; lastKnownFileType = wrapper.framework; path = ShareSDKCoreService.framework; sourceTree = "<group>"; };
		C2BA9C411B3508B600A6D097 /* zh-Hans */ = {isa = PBXFileReference; lastKnownFileType = text.plist.strings; name = "zh-Hans"; path = "zh-Hans.lproj/ShareSDKLocalizable.strings"; sourceTree = "<group>"; };
		C2BA9C441B3508B600A6D097 /* TencentOpenAPI.framework */ = {isa = PBXFileReference; lastKnownFileType = wrapper.framework; path = TencentOpenAPI.framework; sourceTree = "<group>"; };
		C2BA9C451B3508B600A6D097 /* TencentOpenApi_IOS_Bundle.bundle */ = {isa = PBXFileReference; lastKnownFileType = "wrapper.plug-in"; path = TencentOpenApi_IOS_Bundle.bundle; sourceTree = "<group>"; };
		C2BA9C471B3508B600A6D097 /* libWeiboSDK.a */ = {isa = PBXFileReference; lastKnownFileType = archive.ar; path = libWeiboSDK.a; sourceTree = "<group>"; };
		C2BA9C481B3508B600A6D097 /* WeiboSDK.bundle */ = {isa = PBXFileReference; lastKnownFileType = "wrapper.plug-in"; path = WeiboSDK.bundle; sourceTree = "<group>"; };
		C2BA9C491B3508B600A6D097 /* WeiboSDK.h */ = {isa = PBXFileReference; fileEncoding = 4; lastKnownFileType = sourcecode.c.h; path = WeiboSDK.h; sourceTree = "<group>"; };
		C2BA9C4B1B3508B600A6D097 /* libWeChatSDK.a */ = {isa = PBXFileReference; lastKnownFileType = archive.ar; path = libWeChatSDK.a; sourceTree = "<group>"; };
		C2BA9C4C1B3508B600A6D097 /* WXApi.h */ = {isa = PBXFileReference; fileEncoding = 4; lastKnownFileType = sourcecode.c.h; path = WXApi.h; sourceTree = "<group>"; };
		C2BA9C4D1B3508B600A6D097 /* WXApiObject.h */ = {isa = PBXFileReference; fileEncoding = 4; lastKnownFileType = sourcecode.c.h; path = WXApiObject.h; sourceTree = "<group>"; };
		C2BA9C4E1B3508B600A6D097 /* ShareSDK.framework */ = {isa = PBXFileReference; lastKnownFileType = wrapper.framework; path = ShareSDK.framework; sourceTree = "<group>"; };
		C2BA9C501B3508B600A6D097 /* ShareSDKFlatShareViewUI.bundle */ = {isa = PBXFileReference; lastKnownFileType = "wrapper.plug-in"; path = ShareSDKFlatShareViewUI.bundle; sourceTree = "<group>"; };
		C2BA9C511B3508B600A6D097 /* ShareSDKFlatShareViewUI.framework */ = {isa = PBXFileReference; lastKnownFileType = wrapper.framework; path = ShareSDKFlatShareViewUI.framework; sourceTree = "<group>"; };
		C2BA9C521B3508B600A6D097 /* ShareSDKShareActionSheet.framework */ = {isa = PBXFileReference; lastKnownFileType = wrapper.framework; path = ShareSDKShareActionSheet.framework; sourceTree = "<group>"; };
		C2BA9C671B35093600A6D097 /* QuartzCore.framework */ = {isa = PBXFileReference; lastKnownFileType = wrapper.framework; name = QuartzCore.framework; path = System/Library/Frameworks/QuartzCore.framework; sourceTree = SDKROOT; };
		C2BA9C691B35096000A6D097 /* libz.1.2.5.dylib */ = {isa = PBXFileReference; lastKnownFileType = "compiled.mach-o.dylib"; name = libz.1.2.5.dylib; path = usr/lib/libz.1.2.5.dylib; sourceTree = SDKROOT; };
		C2BA9C6B1B35096700A6D097 /* Security.framework */ = {isa = PBXFileReference; lastKnownFileType = wrapper.framework; name = Security.framework; path = System/Library/Frameworks/Security.framework; sourceTree = SDKROOT; };
		C2BA9C6D1B35097A00A6D097 /* ImageIO.framework */ = {isa = PBXFileReference; lastKnownFileType = wrapper.framework; name = ImageIO.framework; path = System/Library/Frameworks/ImageIO.framework; sourceTree = SDKROOT; };
		C2BA9C6F1B35098700A6D097 /* Social.framework */ = {isa = PBXFileReference; lastKnownFileType = wrapper.framework; name = Social.framework; path = System/Library/Frameworks/Social.framework; sourceTree = SDKROOT; };
		C2BA9C711B35098F00A6D097 /* Accounts.framework */ = {isa = PBXFileReference; lastKnownFileType = wrapper.framework; name = Accounts.framework; path = System/Library/Frameworks/Accounts.framework; sourceTree = SDKROOT; };
		C2BA9C731B35099900A6D097 /* MessageUI.framework */ = {isa = PBXFileReference; lastKnownFileType = wrapper.framework; name = MessageUI.framework; path = System/Library/Frameworks/MessageUI.framework; sourceTree = SDKROOT; };
		C2BA9C751B3509B100A6D097 /* libstdc++.dylib */ = {isa = PBXFileReference; lastKnownFileType = "compiled.mach-o.dylib"; name = "libstdc++.dylib"; path = "usr/lib/libstdc++.dylib"; sourceTree = SDKROOT; };
		C2C496111B2972780071E78A /* NewsTableViewController.h */ = {isa = PBXFileReference; fileEncoding = 4; lastKnownFileType = sourcecode.c.h; path = NewsTableViewController.h; sourceTree = "<group>"; };
		C2C496121B2972780071E78A /* NewsTableViewController.m */ = {isa = PBXFileReference; fileEncoding = 4; lastKnownFileType = sourcecode.c.objc; path = NewsTableViewController.m; sourceTree = "<group>"; };
		C2C496141B29742B0071E78A /* JokesTableViewController.h */ = {isa = PBXFileReference; fileEncoding = 4; lastKnownFileType = sourcecode.c.h; path = JokesTableViewController.h; sourceTree = "<group>"; };
		C2C496151B29742B0071E78A /* JokesTableViewController.m */ = {isa = PBXFileReference; fileEncoding = 4; lastKnownFileType = sourcecode.c.objc; path = JokesTableViewController.m; sourceTree = "<group>"; };
		C2C4961A1B297C320071E78A /* MGSpotyViewController.h */ = {isa = PBXFileReference; fileEncoding = 4; lastKnownFileType = sourcecode.c.h; path = MGSpotyViewController.h; sourceTree = "<group>"; };
		C2C4961B1B297C320071E78A /* MGSpotyViewController.m */ = {isa = PBXFileReference; fileEncoding = 4; lastKnownFileType = sourcecode.c.objc; path = MGSpotyViewController.m; sourceTree = "<group>"; };
		C2C4961C1B297C320071E78A /* MGSpotyView.h */ = {isa = PBXFileReference; fileEncoding = 4; lastKnownFileType = sourcecode.c.h; path = MGSpotyView.h; sourceTree = "<group>"; };
		C2C4961D1B297C320071E78A /* MGSpotyView.m */ = {isa = PBXFileReference; fileEncoding = 4; lastKnownFileType = sourcecode.c.objc; path = MGSpotyView.m; sourceTree = "<group>"; };
		C2C4961E1B297C320071E78A /* MGViewController.h */ = {isa = PBXFileReference; fileEncoding = 4; lastKnownFileType = sourcecode.c.h; path = MGViewController.h; sourceTree = "<group>"; };
		C2C4961F1B297C320071E78A /* MGViewController.m */ = {isa = PBXFileReference; fileEncoding = 4; lastKnownFileType = sourcecode.c.objc; path = MGViewController.m; sourceTree = "<group>"; };
		C2E070A61B3198300036D84E /* edit.png */ = {isa = PBXFileReference; lastKnownFileType = image.png; path = edit.png; sourceTree = "<group>"; };
		C2E070AC1B31A5DF0036D84E /* 14.png */ = {isa = PBXFileReference; lastKnownFileType = image.png; path = 14.png; sourceTree = "<group>"; };
		C2E681A41B2C0DFD000B2E20 /* setting.png */ = {isa = PBXFileReference; lastKnownFileType = image.png; path = setting.png; sourceTree = "<group>"; };
		C2E681A61B2C0E0B000B2E20 /* list.png */ = {isa = PBXFileReference; lastKnownFileType = image.png; path = list.png; sourceTree = "<group>"; };
		C2F92BC91B2280FB0093CAF2 /* fun365.app */ = {isa = PBXFileReference; explicitFileType = wrapper.application; includeInIndex = 0; path = fun365.app; sourceTree = BUILT_PRODUCTS_DIR; };
		C2F92BCD1B2280FB0093CAF2 /* Info.plist */ = {isa = PBXFileReference; lastKnownFileType = text.plist.xml; path = Info.plist; sourceTree = "<group>"; };
		C2F92BCE1B2280FB0093CAF2 /* main.m */ = {isa = PBXFileReference; lastKnownFileType = sourcecode.c.objc; path = main.m; sourceTree = "<group>"; };
		C2F92BD01B2280FB0093CAF2 /* AppDelegate.h */ = {isa = PBXFileReference; lastKnownFileType = sourcecode.c.h; path = AppDelegate.h; sourceTree = "<group>"; };
		C2F92BD11B2280FB0093CAF2 /* AppDelegate.m */ = {isa = PBXFileReference; lastKnownFileType = sourcecode.c.objc; path = AppDelegate.m; sourceTree = "<group>"; };
		C2F92BD71B2280FB0093CAF2 /* Base */ = {isa = PBXFileReference; lastKnownFileType = file.storyboard; name = Base; path = Base.lproj/Main.storyboard; sourceTree = "<group>"; };
		C2F92BD91B2280FB0093CAF2 /* Images.xcassets */ = {isa = PBXFileReference; lastKnownFileType = folder.assetcatalog; path = Images.xcassets; sourceTree = "<group>"; };
		C2F92BE21B2280FB0093CAF2 /* fun365Tests.xctest */ = {isa = PBXFileReference; explicitFileType = wrapper.cfbundle; includeInIndex = 0; path = fun365Tests.xctest; sourceTree = BUILT_PRODUCTS_DIR; };
		C2F92BE71B2280FB0093CAF2 /* Info.plist */ = {isa = PBXFileReference; lastKnownFileType = text.plist.xml; path = Info.plist; sourceTree = "<group>"; };
		C2F92BE81B2280FB0093CAF2 /* fun365Tests.m */ = {isa = PBXFileReference; lastKnownFileType = sourcecode.c.objc; path = fun365Tests.m; sourceTree = "<group>"; };
/* End PBXFileReference section */

/* Begin PBXFrameworksBuildPhase section */
		C2F92BC61B2280FB0093CAF2 /* Frameworks */ = {
			isa = PBXFrameworksBuildPhase;
			buildActionMask = 2147483647;
			files = (
				C28C8F161B25CFBB00C1F7CD /* libsqlite3.dylib in Frameworks */,
				C2BA9C761B3509B100A6D097 /* libstdc++.dylib in Frameworks */,
				C2BA9C741B35099900A6D097 /* MessageUI.framework in Frameworks */,
				C2BA9C721B35098F00A6D097 /* Accounts.framework in Frameworks */,
				C2BA9C701B35098700A6D097 /* Social.framework in Frameworks */,
				C2BA9C6E1B35097A00A6D097 /* ImageIO.framework in Frameworks */,
				C2BA9C6C1B35096700A6D097 /* Security.framework in Frameworks */,
				C2BA9C6A1B35096000A6D097 /* libz.1.2.5.dylib in Frameworks */,
				C28C8F0E1B25CF9200C1F7CD /* libicucore.dylib in Frameworks */,
				C28C8F141B25CFB100C1F7CD /* CoreTelephony.framework in Frameworks */,
				C2BA9C681B35093600A6D097 /* QuartzCore.framework in Frameworks */,
				C28C8F121B25CFA800C1F7CD /* SystemConfiguration.framework in Frameworks */,
				C2BA9C581B3508B600A6D097 /* SMSConnection.framework in Frameworks */,
				C2BA9C5D1B3508B600A6D097 /* ShareSDKCoreService.framework in Frameworks */,
				C2BA9C621B3508B600A6D097 /* libWeChatSDK.a in Frameworks */,
				C2BA9C661B3508B600A6D097 /* ShareSDKShareActionSheet.framework in Frameworks */,
				C2BA9C571B3508B600A6D097 /* SinaWeiboConnection.framework in Frameworks */,
				C2BA9C531B3508B600A6D097 /* CopyConnection.framework in Frameworks */,
				C2BA9C601B3508B600A6D097 /* libWeiboSDK.a in Frameworks */,
				C2B9BF511B28615D00B7AEA4 /* CoreGraphics.framework in Frameworks */,
				C2BA9C561B3508B600A6D097 /* QZoneConnection.framework in Frameworks */,
				C2BA9C541B3508B600A6D097 /* MailConnection.framework in Frameworks */,
				C28C8F101B25CF9E00C1F7CD /* MobileCoreServices.framework in Frameworks */,
				C2BA9C551B3508B600A6D097 /* QQConnection.framework in Frameworks */,
				C2BA9C631B3508B600A6D097 /* ShareSDK.framework in Frameworks */,
				C2BA9C5A1B3508B600A6D097 /* AGCommon.framework in Frameworks */,
				C28C8F0C1B25CF8700C1F7CD /* CoreLocation.framework in Frameworks */,
				C28C8EF01B25CDD400C1F7CD /* libPods-SDWebImage.a in Frameworks */,
				C28C8EEE1B25CDCF00C1F7CD /* libPods.a in Frameworks */,
				C2BA9C591B3508B600A6D097 /* WeChatConnection.framework in Frameworks */,
				C28C8EEC1B25CDCA00C1F7CD /* libPods-MJRefresh.a in Frameworks */,
				C2BA9C5E1B3508B600A6D097 /* TencentOpenAPI.framework in Frameworks */,
				C28C8EEA1B25CDA500C1F7CD /* libPods-AFNetworking.a in Frameworks */,
				C28C8F0A1B25CF1700C1F7CD /* AVOSCloud.framework in Frameworks */,
				C2BA9C651B3508B600A6D097 /* ShareSDKFlatShareViewUI.framework in Frameworks */,
			);
			runOnlyForDeploymentPostprocessing = 0;
		};
		C2F92BDF1B2280FB0093CAF2 /* Frameworks */ = {
			isa = PBXFrameworksBuildPhase;
			buildActionMask = 2147483647;
			files = (
			);
			runOnlyForDeploymentPostprocessing = 0;
		};
/* End PBXFrameworksBuildPhase section */

/* Begin PBXGroup section */
		21DC5BA21BCABA0A008FFD82 /* MBProgressHUD */ = {
			isa = PBXGroup;
			children = (
				21DC5BA31BCABA0A008FFD82 /* MBProgressHUD.h */,
				21DC5BA41BCABA0A008FFD82 /* MBProgressHUD.m */,
			);
			path = MBProgressHUD;
			sourceTree = "<group>";
		};
		364514FBE5A3645A9BA6ABF3 /* Frameworks */ = {
			isa = PBXGroup;
			children = (
				C2BA9C751B3509B100A6D097 /* libstdc++.dylib */,
				C2BA9C731B35099900A6D097 /* MessageUI.framework */,
				C2BA9C711B35098F00A6D097 /* Accounts.framework */,
				C2BA9C6F1B35098700A6D097 /* Social.framework */,
				C2BA9C6D1B35097A00A6D097 /* ImageIO.framework */,
				C2BA9C6B1B35096700A6D097 /* Security.framework */,
				C2BA9C691B35096000A6D097 /* libz.1.2.5.dylib */,
				C2BA9C671B35093600A6D097 /* QuartzCore.framework */,
				C2B9BF501B28615D00B7AEA4 /* CoreGraphics.framework */,
				C28C8F151B25CFBB00C1F7CD /* libsqlite3.dylib */,
				C28C8F131B25CFB100C1F7CD /* CoreTelephony.framework */,
				C28C8F111B25CFA800C1F7CD /* SystemConfiguration.framework */,
				C28C8F0F1B25CF9E00C1F7CD /* MobileCoreServices.framework */,
				C28C8F0D1B25CF9200C1F7CD /* libicucore.dylib */,
				C28C8F0B1B25CF8700C1F7CD /* CoreLocation.framework */,
				C28C8EEF1B25CDD400C1F7CD /* libPods-SDWebImage.a */,
				C28C8EED1B25CDCF00C1F7CD /* libPods.a */,
				C28C8EEB1B25CDCA00C1F7CD /* libPods-MJRefresh.a */,
				C28C8EE91B25CDA500C1F7CD /* libPods-AFNetworking.a */,
			);
			name = Frameworks;
			sourceTree = "<group>";
		};
		A247932DD4FFAF4E1A713961 /* Pods */ = {
			isa = PBXGroup;
			children = (
				56556159E53DEC80B8ED49B2 /* Pods.debug.xcconfig */,
				555186A46D184B229D03AFB0 /* Pods.release.xcconfig */,
			);
			name = Pods;
			sourceTree = "<group>";
		};
		C28C8EF11B25CE2100C1F7CD /* Login */ = {
			isa = PBXGroup;
			children = (
				C28C8EF21B25CE6900C1F7CD /* LoginViewController.h */,
				C28C8EF31B25CE6900C1F7CD /* LoginViewController.m */,
				C28C8EF41B25CE6900C1F7CD /* LoginView.h */,
				C28C8EF51B25CE6900C1F7CD /* LoginView.m */,
				C28C8EF61B25CE6900C1F7CD /* LTView.h */,
				C28C8EF71B25CE6900C1F7CD /* LTView.m */,
			);
			name = Login;
			sourceTree = "<group>";
		};
		C28C8EFE1B25CE7D00C1F7CD /* Register */ = {
			isa = PBXGroup;
			children = (
				C28C8EFF1B25CE9B00C1F7CD /* RegisterViewController.h */,
				C28C8F001B25CE9B00C1F7CD /* RegisterViewController.m */,
				C28C8F011B25CE9B00C1F7CD /* RegisterView.h */,
				C28C8F021B25CE9B00C1F7CD /* RegisterView.m */,
			);
			name = Register;
			sourceTree = "<group>";
		};
		C28C8F051B25CED400C1F7CD /* DataBase */ = {
			isa = PBXGroup;
			children = (
				C28C8F061B25CEEB00C1F7CD /* DataBaseHandle.h */,
				C28C8F071B25CEEB00C1F7CD /* DataBaseHandle.m */,
			);
			name = DataBase;
			sourceTree = "<group>";
		};
		C28C8F721B25D40300C1F7CD /* WaterFlow */ = {
			isa = PBXGroup;
			children = (
				C28C8F731B25D41100C1F7CD /* WaterFlowLayout.h */,
				C28C8F741B25D41100C1F7CD /* WaterFlowLayout.m */,
				C28C8F751B25D41100C1F7CD /* imageCell.h */,
				C28C8F761B25D41100C1F7CD /* imageCell.m */,
			);
			name = WaterFlow;
			sourceTree = "<group>";
		};
		C28C8FB51B25E30500C1F7CD /* My */ = {
			isa = PBXGroup;
			children = (
				C2A189331B26BCC10001A257 /* ListViewController.h */,
				C2A189341B26BCC10001A257 /* ListViewController.m */,
				C283E7CB1B2EAF1B0090BE9B /* ListDetailViewController.h */,
				C283E7CC1B2EAF1B0090BE9B /* ListDetailViewController.m */,
				C2C4961A1B297C320071E78A /* MGSpotyViewController.h */,
				C2C4961B1B297C320071E78A /* MGSpotyViewController.m */,
				C2C4961C1B297C320071E78A /* MGSpotyView.h */,
				C2C4961D1B297C320071E78A /* MGSpotyView.m */,
				C2C4961E1B297C320071E78A /* MGViewController.h */,
				C2C4961F1B297C320071E78A /* MGViewController.m */,
				C2BA35A71B34065600684E79 /* AboutUsViewController.h */,
				C2BA35A81B34065600684E79 /* AboutUsViewController.m */,
			);
			name = My;
			sourceTree = "<group>";
		};
		C290A0201B2A82CB00B756BC /* pictures */ = {
			isa = PBXGroup;
			children = (
				C2E681A61B2C0E0B000B2E20 /* list.png */,
				C2E681A41B2C0DFD000B2E20 /* setting.png */,
				C2E070A61B3198300036D84E /* edit.png */,
				C23CD41E1B2A6AE20023C7AC /* 13.png */,
				C2E070AC1B31A5DF0036D84E /* 14.png */,
				C2BA35A51B34054000684E79 /* 15.png */,
				C281D8FB1B412B6F0084B9E4 /* share.png */,
				C27B398B1B25B385007255E1 /* placehold.jpg */,
			);
			name = pictures;
			sourceTree = "<group>";
		};
		C29E54A31B22DAAC0011AEAE /* ListView */ = {
			isa = PBXGroup;
			children = (
				C2A1892D1B26BCC10001A257 /* ListCell.h */,
				C2A1892E1B26BCC10001A257 /* ListCell.m */,
				C2A1892F1B26BCC10001A257 /* List_0_Cell.h */,
				C2A189301B26BCC10001A257 /* List_0_Cell.m */,
				C2A189311B26BCC10001A257 /* List_3_Cell.h */,
				C2A189321B26BCC10001A257 /* List_3_Cell.m */,
				C29773901B30694D00B8E652 /* List_ScrollView.h */,
				C29773911B30694D00B8E652 /* List_ScrollView.m */,
				C27B39881B256E1E007255E1 /* ListModel.h */,
				C27B39891B256E1E007255E1 /* ListModel.m */,
				2194B4351BE5E54E004DE746 /* BaseTableViewController.h */,
				2194B4361BE5E54E004DE746 /* BaseTableViewController.m */,
				2186BA7F1C044BEE001DECE7 /* EassaysViewController.h */,
				2186BA801C044BEE001DECE7 /* EassaysViewController.m */,
				2186BA821C044C56001DECE7 /* NewsViewController.h */,
				2186BA831C044C56001DECE7 /* NewsViewController.m */,
				2186BA851C044C6F001DECE7 /* JokesViewController.h */,
				2186BA861C044C6F001DECE7 /* JokesViewController.m */,
				C2B4E5451B297FB800F5E327 /* EassaysTableViewController.h */,
				C2B4E5461B297FB800F5E327 /* EassaysTableViewController.m */,
				C2C496111B2972780071E78A /* NewsTableViewController.h */,
				C2C496121B2972780071E78A /* NewsTableViewController.m */,
				C2C496141B29742B0071E78A /* JokesTableViewController.h */,
				C2C496151B29742B0071E78A /* JokesTableViewController.m */,
				C28C8F851B25D54900C1F7CD /* ViewController.h */,
				C28C8F861B25D54900C1F7CD /* ViewController.m */,
				C21E1EC81B272436008002A9 /* MyView.h */,
				C21E1EC91B272436008002A9 /* MyView.m */,
				C21E1EBF1B26CC16008002A9 /* DetailViewController.h */,
				C21E1EC01B26CC16008002A9 /* DetailViewController.m */,
				C22708301B287AAF00BB5AD8 /* LeftViewController.h */,
				C22708311B287AAF00BB5AD8 /* LeftViewController.m */,
				C22708331B287C4600BB5AD8 /* LeftView.h */,
				C22708341B287C4600BB5AD8 /* LeftView.m */,
			);
			name = ListView;
			sourceTree = "<group>";
		};
		C2B9BF491B285DD300B7AEA4 /* ImageEffects */ = {
			isa = PBXGroup;
			children = (
				C2B9BF4A1B285DE600B7AEA4 /* UIImage+ImageEffects.h */,
				C2B9BF4B1B285DE600B7AEA4 /* UIImage+ImageEffects.m */,
				C2B9BF4C1B285DE600B7AEA4 /* UIImageView+LBBlurredImage.h */,
				C2B9BF4D1B285DE600B7AEA4 /* UIImageView+LBBlurredImage.m */,
			);
			name = ImageEffects;
			sourceTree = "<group>";
		};
		C2BA9C321B3508B600A6D097 /* ShareSDK */ = {
			isa = PBXGroup;
			children = (
				C2BA9C331B3508B600A6D097 /* Connection */,
				C2BA9C3B1B3508B600A6D097 /* Core */,
				C2BA9C421B3508B600A6D097 /* Extend */,
				C2BA9C4E1B3508B600A6D097 /* ShareSDK.framework */,
				C2BA9C4F1B3508B600A6D097 /* UI */,
			);
			path = ShareSDK;
			sourceTree = "<group>";
		};
		C2BA9C331B3508B600A6D097 /* Connection */ = {
			isa = PBXGroup;
			children = (
				C2BA9C341B3508B600A6D097 /* CopyConnection.framework */,
				C2BA9C351B3508B600A6D097 /* MailConnection.framework */,
				C2BA9C361B3508B600A6D097 /* QQConnection.framework */,
				C2BA9C371B3508B600A6D097 /* QZoneConnection.framework */,
				C2BA9C381B3508B600A6D097 /* SinaWeiboConnection.framework */,
				C2BA9C391B3508B600A6D097 /* SMSConnection.framework */,
				C2BA9C3A1B3508B600A6D097 /* WeChatConnection.framework */,
			);
			path = Connection;
			sourceTree = "<group>";
		};
		C2BA9C3B1B3508B600A6D097 /* Core */ = {
			isa = PBXGroup;
			children = (
				C2BA9C3C1B3508B600A6D097 /* AGCommon.framework */,
				C2BA9C3D1B3508B600A6D097 /* ShareSDKLocalizable.strings */,
				C2BA9C3F1B3508B600A6D097 /* Resource.bundle */,
				C2BA9C401B3508B600A6D097 /* ShareSDKCoreService.framework */,
			);
			path = Core;
			sourceTree = "<group>";
		};
		C2BA9C421B3508B600A6D097 /* Extend */ = {
			isa = PBXGroup;
			children = (
				C2BA9C431B3508B600A6D097 /* QQConnectSDK */,
				C2BA9C461B3508B600A6D097 /* SinaWeiboSDK */,
				C2BA9C4A1B3508B600A6D097 /* WeChatSDK */,
			);
			path = Extend;
			sourceTree = "<group>";
		};
		C2BA9C431B3508B600A6D097 /* QQConnectSDK */ = {
			isa = PBXGroup;
			children = (
				C2BA9C441B3508B600A6D097 /* TencentOpenAPI.framework */,
				C2BA9C451B3508B600A6D097 /* TencentOpenApi_IOS_Bundle.bundle */,
			);
			path = QQConnectSDK;
			sourceTree = "<group>";
		};
		C2BA9C461B3508B600A6D097 /* SinaWeiboSDK */ = {
			isa = PBXGroup;
			children = (
				C2BA9C471B3508B600A6D097 /* libWeiboSDK.a */,
				C2BA9C481B3508B600A6D097 /* WeiboSDK.bundle */,
				C2BA9C491B3508B600A6D097 /* WeiboSDK.h */,
			);
			path = SinaWeiboSDK;
			sourceTree = "<group>";
		};
		C2BA9C4A1B3508B600A6D097 /* WeChatSDK */ = {
			isa = PBXGroup;
			children = (
				C2BA9C4B1B3508B600A6D097 /* libWeChatSDK.a */,
				C2BA9C4C1B3508B600A6D097 /* WXApi.h */,
				C2BA9C4D1B3508B600A6D097 /* WXApiObject.h */,
			);
			path = WeChatSDK;
			sourceTree = "<group>";
		};
		C2BA9C4F1B3508B600A6D097 /* UI */ = {
			isa = PBXGroup;
			children = (
				C2BA9C501B3508B600A6D097 /* ShareSDKFlatShareViewUI.bundle */,
				C2BA9C511B3508B600A6D097 /* ShareSDKFlatShareViewUI.framework */,
				C2BA9C521B3508B600A6D097 /* ShareSDKShareActionSheet.framework */,
			);
			path = UI;
			sourceTree = "<group>";
		};
		C2F92BC01B2280FB0093CAF2 = {
			isa = PBXGroup;
			children = (
				C2F92BCB1B2280FB0093CAF2 /* fun365 */,
				C2F92BE51B2280FB0093CAF2 /* fun365Tests */,
				C2F92BCA1B2280FB0093CAF2 /* Products */,
				A247932DD4FFAF4E1A713961 /* Pods */,
				364514FBE5A3645A9BA6ABF3 /* Frameworks */,
			);
			sourceTree = "<group>";
		};
		C2F92BCA1B2280FB0093CAF2 /* Products */ = {
			isa = PBXGroup;
			children = (
				C2F92BC91B2280FB0093CAF2 /* fun365.app */,
				C2F92BE21B2280FB0093CAF2 /* fun365Tests.xctest */,
			);
			name = Products;
			sourceTree = "<group>";
		};
		C2F92BCB1B2280FB0093CAF2 /* fun365 */ = {
			isa = PBXGroup;
			children = (
				21DC5BA21BCABA0A008FFD82 /* MBProgressHUD */,
				C2BA9C321B3508B600A6D097 /* ShareSDK */,
				C28C8F091B25CF1700C1F7CD /* AVOSCloud.framework */,
				C29E54A31B22DAAC0011AEAE /* ListView */,
				C28C8EF11B25CE2100C1F7CD /* Login */,
				C28C8F051B25CED400C1F7CD /* DataBase */,
				C28C8FB51B25E30500C1F7CD /* My */,
				C28C8EFE1B25CE7D00C1F7CD /* Register */,
				C290A0201B2A82CB00B756BC /* pictures */,
				C2F92BD01B2280FB0093CAF2 /* AppDelegate.h */,
				C2F92BD11B2280FB0093CAF2 /* AppDelegate.m */,
				C2F92BD61B2280FB0093CAF2 /* Main.storyboard */,
				21DC5BA61BCABA4D008FFD82 /* PrefixHeader.pch */,
				C2F92BD91B2280FB0093CAF2 /* Images.xcassets */,
				C2B9BF491B285DD300B7AEA4 /* ImageEffects */,
				C28C8F721B25D40300C1F7CD /* WaterFlow */,
				C2F92BCC1B2280FB0093CAF2 /* Supporting Files */,
			);
			path = fun365;
			sourceTree = "<group>";
		};
		C2F92BCC1B2280FB0093CAF2 /* Supporting Files */ = {
			isa = PBXGroup;
			children = (
				C2F92BCD1B2280FB0093CAF2 /* Info.plist */,
				C2F92BCE1B2280FB0093CAF2 /* main.m */,
			);
			name = "Supporting Files";
			sourceTree = "<group>";
		};
		C2F92BE51B2280FB0093CAF2 /* fun365Tests */ = {
			isa = PBXGroup;
			children = (
				C2F92BE81B2280FB0093CAF2 /* fun365Tests.m */,
				C2F92BE61B2280FB0093CAF2 /* Supporting Files */,
			);
			path = fun365Tests;
			sourceTree = "<group>";
		};
		C2F92BE61B2280FB0093CAF2 /* Supporting Files */ = {
			isa = PBXGroup;
			children = (
				C2F92BE71B2280FB0093CAF2 /* Info.plist */,
			);
			name = "Supporting Files";
			sourceTree = "<group>";
		};
/* End PBXGroup section */

/* Begin PBXNativeTarget section */
		C2F92BC81B2280FB0093CAF2 /* fun365 */ = {
			isa = PBXNativeTarget;
			buildConfigurationList = C2F92BEC1B2280FB0093CAF2 /* Build configuration list for PBXNativeTarget "fun365" */;
			buildPhases = (
				D6FB7F215415B15C14DB809A /* Check Pods Manifest.lock */,
				C2F92BC51B2280FB0093CAF2 /* Sources */,
				C2F92BC61B2280FB0093CAF2 /* Frameworks */,
				C2F92BC71B2280FB0093CAF2 /* Resources */,
				F1E99FD7813EFAD41CB0355C /* Copy Pods Resources */,
			);
			buildRules = (
			);
			dependencies = (
			);
			name = fun365;
			productName = fun365;
			productReference = C2F92BC91B2280FB0093CAF2 /* fun365.app */;
			productType = "com.apple.product-type.application";
		};
		C2F92BE11B2280FB0093CAF2 /* fun365Tests */ = {
			isa = PBXNativeTarget;
			buildConfigurationList = C2F92BEF1B2280FB0093CAF2 /* Build configuration list for PBXNativeTarget "fun365Tests" */;
			buildPhases = (
				C2F92BDE1B2280FB0093CAF2 /* Sources */,
				C2F92BDF1B2280FB0093CAF2 /* Frameworks */,
				C2F92BE01B2280FB0093CAF2 /* Resources */,
			);
			buildRules = (
			);
			dependencies = (
				C2F92BE41B2280FB0093CAF2 /* PBXTargetDependency */,
			);
			name = fun365Tests;
			productName = fun365Tests;
			productReference = C2F92BE21B2280FB0093CAF2 /* fun365Tests.xctest */;
			productType = "com.apple.product-type.bundle.unit-test";
		};
/* End PBXNativeTarget section */

/* Begin PBXProject section */
		C2F92BC11B2280FB0093CAF2 /* Project object */ = {
			isa = PBXProject;
			attributes = {
				LastUpgradeCheck = 0640;
				ORGANIZATIONNAME = "曾旺";
				TargetAttributes = {
					C2F92BC81B2280FB0093CAF2 = {
						CreatedOnToolsVersion = 6.3;
					};
					C2F92BE11B2280FB0093CAF2 = {
						CreatedOnToolsVersion = 6.3;
						TestTargetID = C2F92BC81B2280FB0093CAF2;
					};
				};
			};
			buildConfigurationList = C2F92BC41B2280FB0093CAF2 /* Build configuration list for PBXProject "fun365" */;
			compatibilityVersion = "Xcode 3.2";
			developmentRegion = English;
			hasScannedForEncodings = 0;
			knownRegions = (
				en,
				Base,
				"zh-Hans",
			);
			mainGroup = C2F92BC01B2280FB0093CAF2;
			productRefGroup = C2F92BCA1B2280FB0093CAF2 /* Products */;
			projectDirPath = "";
			projectRoot = "";
			targets = (
				C2F92BC81B2280FB0093CAF2 /* fun365 */,
				C2F92BE11B2280FB0093CAF2 /* fun365Tests */,
			);
		};
/* End PBXProject section */

/* Begin PBXResourcesBuildPhase section */
		C2F92BC71B2280FB0093CAF2 /* Resources */ = {
			isa = PBXResourcesBuildPhase;
			buildActionMask = 2147483647;
			files = (
				C2BA9C5F1B3508B600A6D097 /* TencentOpenApi_IOS_Bundle.bundle in Resources */,
				C2BA35A61B34054000684E79 /* 15.png in Resources */,
				C2F92BD81B2280FB0093CAF2 /* Main.storyboard in Resources */,
				C2E681A51B2C0DFD000B2E20 /* setting.png in Resources */,
				C2BA9C641B3508B600A6D097 /* ShareSDKFlatShareViewUI.bundle in Resources */,
				C27B398C1B25B386007255E1 /* placehold.jpg in Resources */,
				C281D8FC1B412B6F0084B9E4 /* share.png in Resources */,
				C23CD41F1B2A6AE20023C7AC /* 13.png in Resources */,
				C2E681A71B2C0E0B000B2E20 /* list.png in Resources */,
				C2BA9C5B1B3508B600A6D097 /* ShareSDKLocalizable.strings in Resources */,
				C2E070A71B3198300036D84E /* edit.png in Resources */,
				C2BA9C5C1B3508B600A6D097 /* Resource.bundle in Resources */,
				C2BA9C611B3508B600A6D097 /* WeiboSDK.bundle in Resources */,
				C2E070AD1B31A5E00036D84E /* 14.png in Resources */,
				C2F92BDA1B2280FB0093CAF2 /* Images.xcassets in Resources */,
			);
			runOnlyForDeploymentPostprocessing = 0;
		};
		C2F92BE01B2280FB0093CAF2 /* Resources */ = {
			isa = PBXResourcesBuildPhase;
			buildActionMask = 2147483647;
			files = (
			);
			runOnlyForDeploymentPostprocessing = 0;
		};
/* End PBXResourcesBuildPhase section */

/* Begin PBXShellScriptBuildPhase section */
		D6FB7F215415B15C14DB809A /* Check Pods Manifest.lock */ = {
			isa = PBXShellScriptBuildPhase;
			buildActionMask = 2147483647;
			files = (
			);
			inputPaths = (
			);
			name = "Check Pods Manifest.lock";
			outputPaths = (
			);
			runOnlyForDeploymentPostprocessing = 0;
			shellPath = /bin/sh;
			shellScript = "diff \"${PODS_ROOT}/../Podfile.lock\" \"${PODS_ROOT}/Manifest.lock\" > /dev/null\nif [[ $? != 0 ]] ; then\n    cat << EOM\nerror: The sandbox is not in sync with the Podfile.lock. Run 'pod install' or update your CocoaPods installation.\nEOM\n    exit 1\nfi\n";
			showEnvVarsInLog = 0;
		};
		F1E99FD7813EFAD41CB0355C /* Copy Pods Resources */ = {
			isa = PBXShellScriptBuildPhase;
			buildActionMask = 2147483647;
			files = (
			);
			inputPaths = (
			);
			name = "Copy Pods Resources";
			outputPaths = (
			);
			runOnlyForDeploymentPostprocessing = 0;
			shellPath = /bin/sh;
			shellScript = "\"${SRCROOT}/Pods/Target Support Files/Pods/Pods-resources.sh\"\n";
			showEnvVarsInLog = 0;
		};
/* End PBXShellScriptBuildPhase section */

/* Begin PBXSourcesBuildPhase section */
		C2F92BC51B2280FB0093CAF2 /* Sources */ = {
			isa = PBXSourcesBuildPhase;
			buildActionMask = 2147483647;
			files = (
				C2A189381B26BCC10001A257 /* ListViewController.m in Sources */,
				C28C8F081B25CEEB00C1F7CD /* DataBaseHandle.m in Sources */,
				C27B398A1B256E1E007255E1 /* ListModel.m in Sources */,
				21DC5BA51BCABA0A008FFD82 /* MBProgressHUD.m in Sources */,
				C2C496131B2972780071E78A /* NewsTableViewController.m in Sources */,
				C283E7CD1B2EAF1B0090BE9B /* ListDetailViewController.m in Sources */,
				C28C8EFB1B25CE6900C1F7CD /* LoginView.m in Sources */,
				C21E1EC11B26CC16008002A9 /* DetailViewController.m in Sources */,
				C28C8F041B25CE9B00C1F7CD /* RegisterView.m in Sources */,
				C2B4E5471B297FB800F5E327 /* EassaysTableViewController.m in Sources */,
				C2F92BD21B2280FB0093CAF2 /* AppDelegate.m in Sources */,
				2186BA871C044C6F001DECE7 /* JokesViewController.m in Sources */,
				C2A189351B26BCC10001A257 /* ListCell.m in Sources */,
				C21E1ECA1B272436008002A9 /* MyView.m in Sources */,
				C28C8F031B25CE9B00C1F7CD /* RegisterViewController.m in Sources */,
				C28C8F871B25D54900C1F7CD /* ViewController.m in Sources */,
				C2C496241B297C320071E78A /* MGSpotyViewController.m in Sources */,
				C2C496161B29742B0071E78A /* JokesTableViewController.m in Sources */,
				C22708351B287C4600BB5AD8 /* LeftView.m in Sources */,
				2186BA811C044BEE001DECE7 /* EassaysViewController.m in Sources */,
				C28C8EFA1B25CE6900C1F7CD /* LoginViewController.m in Sources */,
				C2A189371B26BCC10001A257 /* List_3_Cell.m in Sources */,
				C2C496261B297C320071E78A /* MGViewController.m in Sources */,
				C2C496251B297C320071E78A /* MGSpotyView.m in Sources */,
				C28C8EFC1B25CE6900C1F7CD /* LTView.m in Sources */,
				C22708321B287AAF00BB5AD8 /* LeftViewController.m in Sources */,
				C2F92BCF1B2280FB0093CAF2 /* main.m in Sources */,
				C2A189361B26BCC10001A257 /* List_0_Cell.m in Sources */,
				2186BA841C044C56001DECE7 /* NewsViewController.m in Sources */,
				C29773921B30694D00B8E652 /* List_ScrollView.m in Sources */,
				C2B9BF4E1B285DE600B7AEA4 /* UIImage+ImageEffects.m in Sources */,
				2194B4371BE5E54E004DE746 /* BaseTableViewController.m in Sources */,
				C2BA35A91B34065600684E79 /* AboutUsViewController.m in Sources */,
				C28C8F781B25D41100C1F7CD /* imageCell.m in Sources */,
				C2B9BF4F1B285DE600B7AEA4 /* UIImageView+LBBlurredImage.m in Sources */,
				C28C8F771B25D41100C1F7CD /* WaterFlowLayout.m in Sources */,
			);
			runOnlyForDeploymentPostprocessing = 0;
		};
		C2F92BDE1B2280FB0093CAF2 /* Sources */ = {
			isa = PBXSourcesBuildPhase;
			buildActionMask = 2147483647;
			files = (
				C2F92BE91B2280FB0093CAF2 /* fun365Tests.m in Sources */,
			);
			runOnlyForDeploymentPostprocessing = 0;
		};
/* End PBXSourcesBuildPhase section */

/* Begin PBXTargetDependency section */
		C2F92BE41B2280FB0093CAF2 /* PBXTargetDependency */ = {
			isa = PBXTargetDependency;
			target = C2F92BC81B2280FB0093CAF2 /* fun365 */;
			targetProxy = C2F92BE31B2280FB0093CAF2 /* PBXContainerItemProxy */;
		};
/* End PBXTargetDependency section */

/* Begin PBXVariantGroup section */
		C2BA9C3D1B3508B600A6D097 /* ShareSDKLocalizable.strings */ = {
			isa = PBXVariantGroup;
			children = (
				C2BA9C3E1B3508B600A6D097 /* en */,
				C2BA9C411B3508B600A6D097 /* zh-Hans */,
			);
			name = ShareSDKLocalizable.strings;
			sourceTree = "<group>";
		};
		C2F92BD61B2280FB0093CAF2 /* Main.storyboard */ = {
			isa = PBXVariantGroup;
			children = (
				C2F92BD71B2280FB0093CAF2 /* Base */,
			);
			name = Main.storyboard;
			sourceTree = "<group>";
		};
/* End PBXVariantGroup section */

/* Begin XCBuildConfiguration section */
		C2F92BEA1B2280FB0093CAF2 /* Debug */ = {
			isa = XCBuildConfiguration;
			buildSettings = {
				ALWAYS_SEARCH_USER_PATHS = NO;
				CLANG_CXX_LANGUAGE_STANDARD = "gnu++0x";
				CLANG_CXX_LIBRARY = "libc++";
				CLANG_ENABLE_MODULES = YES;
				CLANG_ENABLE_OBJC_ARC = YES;
				CLANG_WARN_BOOL_CONVERSION = YES;
				CLANG_WARN_CONSTANT_CONVERSION = YES;
				CLANG_WARN_DIRECT_OBJC_ISA_USAGE = YES_ERROR;
				CLANG_WARN_EMPTY_BODY = YES;
				CLANG_WARN_ENUM_CONVERSION = YES;
				CLANG_WARN_INT_CONVERSION = YES;
				CLANG_WARN_OBJC_ROOT_CLASS = YES_ERROR;
				CLANG_WARN_UNREACHABLE_CODE = YES;
				CLANG_WARN__DUPLICATE_METHOD_MATCH = YES;
				"CODE_SIGN_IDENTITY[sdk=iphoneos*]" = "iPhone Developer";
				COPY_PHASE_STRIP = NO;
				DEBUG_INFORMATION_FORMAT = "dwarf-with-dsym";
				ENABLE_STRICT_OBJC_MSGSEND = YES;
				GCC_C_LANGUAGE_STANDARD = gnu99;
				GCC_DYNAMIC_NO_PIC = NO;
				GCC_NO_COMMON_BLOCKS = YES;
				GCC_OPTIMIZATION_LEVEL = 0;
				GCC_PREPROCESSOR_DEFINITIONS = (
					"DEBUG=1",
					"$(inherited)",
				);
				GCC_SYMBOLS_PRIVATE_EXTERN = NO;
				GCC_WARN_64_TO_32_BIT_CONVERSION = YES;
				GCC_WARN_ABOUT_RETURN_TYPE = YES_ERROR;
				GCC_WARN_UNDECLARED_SELECTOR = YES;
				GCC_WARN_UNINITIALIZED_AUTOS = YES_AGGRESSIVE;
				GCC_WARN_UNUSED_FUNCTION = YES;
				GCC_WARN_UNUSED_VARIABLE = YES;
				IPHONEOS_DEPLOYMENT_TARGET = 8.3;
				MTL_ENABLE_DEBUG_INFO = YES;
				ONLY_ACTIVE_ARCH = YES;
				SDKROOT = iphoneos;
				TARGETED_DEVICE_FAMILY = "1,2";
			};
			name = Debug;
		};
		C2F92BEB1B2280FB0093CAF2 /* Release */ = {
			isa = XCBuildConfiguration;
			buildSettings = {
				ALWAYS_SEARCH_USER_PATHS = NO;
				CLANG_CXX_LANGUAGE_STANDARD = "gnu++0x";
				CLANG_CXX_LIBRARY = "libc++";
				CLANG_ENABLE_MODULES = YES;
				CLANG_ENABLE_OBJC_ARC = YES;
				CLANG_WARN_BOOL_CONVERSION = YES;
				CLANG_WARN_CONSTANT_CONVERSION = YES;
				CLANG_WARN_DIRECT_OBJC_ISA_USAGE = YES_ERROR;
				CLANG_WARN_EMPTY_BODY = YES;
				CLANG_WARN_ENUM_CONVERSION = YES;
				CLANG_WARN_INT_CONVERSION = YES;
				CLANG_WARN_OBJC_ROOT_CLASS = YES_ERROR;
				CLANG_WARN_UNREACHABLE_CODE = YES;
				CLANG_WARN__DUPLICATE_METHOD_MATCH = YES;
				"CODE_SIGN_IDENTITY[sdk=iphoneos*]" = "iPhone Developer";
				COPY_PHASE_STRIP = NO;
				DEBUG_INFORMATION_FORMAT = "dwarf-with-dsym";
				ENABLE_NS_ASSERTIONS = NO;
				ENABLE_STRICT_OBJC_MSGSEND = YES;
				GCC_C_LANGUAGE_STANDARD = gnu99;
				GCC_NO_COMMON_BLOCKS = YES;
				GCC_WARN_64_TO_32_BIT_CONVERSION = YES;
				GCC_WARN_ABOUT_RETURN_TYPE = YES_ERROR;
				GCC_WARN_UNDECLARED_SELECTOR = YES;
				GCC_WARN_UNINITIALIZED_AUTOS = YES_AGGRESSIVE;
				GCC_WARN_UNUSED_FUNCTION = YES;
				GCC_WARN_UNUSED_VARIABLE = YES;
				IPHONEOS_DEPLOYMENT_TARGET = 8.3;
				MTL_ENABLE_DEBUG_INFO = NO;
				SDKROOT = iphoneos;
				TARGETED_DEVICE_FAMILY = "1,2";
				VALIDATE_PRODUCT = YES;
			};
			name = Release;
		};
		C2F92BED1B2280FB0093CAF2 /* Debug */ = {
			isa = XCBuildConfiguration;
			baseConfigurationReference = 56556159E53DEC80B8ED49B2 /* Pods.debug.xcconfig */;
			buildSettings = {
				ASSETCATALOG_COMPILER_APPICON_NAME = AppIcon;
				ASSETCATALOG_COMPILER_LAUNCHIMAGE_NAME = LaunchImage;
				CODE_SIGN_IDENTITY = "iPhone Developer";
				ENABLE_BITCODE = NO;
				ENABLE_STRICT_OBJC_MSGSEND = YES;
				FRAMEWORK_SEARCH_PATHS = (
					"$(inherited)",
					"$(PROJECT_DIR)/fun365",
					"$(PROJECT_DIR)/fun365/ShareSDK/Connection",
					"$(PROJECT_DIR)/fun365/ShareSDK/Core",
					"$(PROJECT_DIR)/fun365/ShareSDK/Extend/QQConnectSDK",
					"$(PROJECT_DIR)/fun365/ShareSDK",
					"$(PROJECT_DIR)/fun365/ShareSDK/UI",
				);
				GCC_PREFIX_HEADER = "${SRCROOT}/fun365/PrefixHeader.pch";
				INFOPLIST_FILE = fun365/Info.plist;
				IPHONEOS_DEPLOYMENT_TARGET = 7.0;
				LD_RUNPATH_SEARCH_PATHS = "$(inherited) @executable_path/Frameworks";
				LIBRARY_SEARCH_PATHS = (
					"$(inherited)",
					"$(PROJECT_DIR)/fun365/ShareSDK/Extend/SinaWeiboSDK",
					"$(PROJECT_DIR)/fun365/ShareSDK/Extend/WeChatSDK",
				);
				ONLY_ACTIVE_ARCH = YES;
				PRODUCT_NAME = "$(TARGET_NAME)";
				PROVISIONING_PROFILE = "";
				SDKROOT = iphoneos;
				TARGETED_DEVICE_FAMILY = 1;
				USER_HEADER_SEARCH_PATHS = "${SRCROOT}/**";
			};
			name = Debug;
		};
		C2F92BEE1B2280FB0093CAF2 /* Release */ = {
			isa = XCBuildConfiguration;
			baseConfigurationReference = 555186A46D184B229D03AFB0 /* Pods.release.xcconfig */;
			buildSettings = {
				ASSETCATALOG_COMPILER_APPICON_NAME = AppIcon;
				ASSETCATALOG_COMPILER_LAUNCHIMAGE_NAME = LaunchImage;
				CODE_SIGN_IDENTITY = "iPhone Developer";
				ENABLE_BITCODE = NO;
				ENABLE_STRICT_OBJC_MSGSEND = YES;
				FRAMEWORK_SEARCH_PATHS = (
					"$(inherited)",
					"$(PROJECT_DIR)/fun365",
					"$(PROJECT_DIR)/fun365/ShareSDK/Connection",
					"$(PROJECT_DIR)/fun365/ShareSDK/Core",
					"$(PROJECT_DIR)/fun365/ShareSDK/Extend/QQConnectSDK",
					"$(PROJECT_DIR)/fun365/ShareSDK",
					"$(PROJECT_DIR)/fun365/ShareSDK/UI",
				);
				GCC_PREFIX_HEADER = "${SRCROOT}/fun365/PrefixHeader.pch";
				INFOPLIST_FILE = fun365/Info.plist;
				IPHONEOS_DEPLOYMENT_TARGET = 7.0;
				LD_RUNPATH_SEARCH_PATHS = "$(inherited) @executable_path/Frameworks";
				LIBRARY_SEARCH_PATHS = (
					"$(inherited)",
					"$(PROJECT_DIR)/fun365/ShareSDK/Extend/SinaWeiboSDK",
					"$(PROJECT_DIR)/fun365/ShareSDK/Extend/WeChatSDK",
				);
				ONLY_ACTIVE_ARCH = NO;
				PRODUCT_NAME = "$(TARGET_NAME)";
				PROVISIONING_PROFILE = "";
				SDKROOT = iphoneos;
				TARGETED_DEVICE_FAMILY = 1;
				USER_HEADER_SEARCH_PATHS = "${SRCROOT}/**";
			};
			name = Release;
		};
		C2F92BF01B2280FB0093CAF2 /* Debug */ = {
			isa = XCBuildConfiguration;
			buildSettings = {
				BUNDLE_LOADER = "$(TEST_HOST)";
				FRAMEWORK_SEARCH_PATHS = (
					"$(SDKROOT)/Developer/Library/Frameworks",
					"$(inherited)",
				);
				GCC_PREPROCESSOR_DEFINITIONS = (
					"DEBUG=1",
					"$(inherited)",
				);
				INFOPLIST_FILE = fun365Tests/Info.plist;
				IPHONEOS_DEPLOYMENT_TARGET = 8.0;
				LD_RUNPATH_SEARCH_PATHS = "$(inherited) @executable_path/Frameworks @loader_path/Frameworks";
				PRODUCT_NAME = "$(TARGET_NAME)";
				TEST_HOST = "$(BUILT_PRODUCTS_DIR)/fun365.app/fun365";
			};
			name = Debug;
		};
		C2F92BF11B2280FB0093CAF2 /* Release */ = {
			isa = XCBuildConfiguration;
			buildSettings = {
				BUNDLE_LOADER = "$(TEST_HOST)";
				FRAMEWORK_SEARCH_PATHS = (
					"$(SDKROOT)/Developer/Library/Frameworks",
					"$(inherited)",
				);
				INFOPLIST_FILE = fun365Tests/Info.plist;
				IPHONEOS_DEPLOYMENT_TARGET = 8.0;
				LD_RUNPATH_SEARCH_PATHS = "$(inherited) @executable_path/Frameworks @loader_path/Frameworks";
				PRODUCT_NAME = "$(TARGET_NAME)";
				TEST_HOST = "$(BUILT_PRODUCTS_DIR)/fun365.app/fun365";
			};
			name = Release;
		};
/* End XCBuildConfiguration section */

/* Begin XCConfigurationList section */
		C2F92BC41B2280FB0093CAF2 /* Build configuration list for PBXProject "fun365" */ = {
			isa = XCConfigurationList;
			buildConfigurations = (
				C2F92BEA1B2280FB0093CAF2 /* Debug */,
				C2F92BEB1B2280FB0093CAF2 /* Release */,
			);
			defaultConfigurationIsVisible = 0;
			defaultConfigurationName = Release;
		};
		C2F92BEC1B2280FB0093CAF2 /* Build configuration list for PBXNativeTarget "fun365" */ = {
			isa = XCConfigurationList;
			buildConfigurations = (
				C2F92BED1B2280FB0093CAF2 /* Debug */,
				C2F92BEE1B2280FB0093CAF2 /* Release */,
			);
			defaultConfigurationIsVisible = 0;
			defaultConfigurationName = Release;
		};
		C2F92BEF1B2280FB0093CAF2 /* Build configuration list for PBXNativeTarget "fun365Tests" */ = {
			isa = XCConfigurationList;
			buildConfigurations = (
				C2F92BF01B2280FB0093CAF2 /* Debug */,
				C2F92BF11B2280FB0093CAF2 /* Release */,
			);
			defaultConfigurationIsVisible = 0;
			defaultConfigurationName = Release;
		};
/* End XCConfigurationList section */
	};
	rootObject = C2F92BC11B2280FB0093CAF2 /* Project object */;
}
